{
  "name": "wishup",
  "version": "0.1.0",
  "lockfileVersion": 1,
  "requires": true,
  "dependencies": {
    "next-compose-plugins": {
      "version": "2.1.1",
      "resolved": "https://registry.npmjs.org/next-compose-plugins/-/next-compose-plugins-2.1.1.tgz",
      "integrity": "sha512-4yLtmGjnBlzuYdL66+c/zi8ljl24sK9jtP31UsTG1ZAAHj+ybWfEG/S+HMwK+pD2fNmJ4xQyr4xOubzExcS+Lg=="
    },
    "next-routes": {
      "version": "1.4.2",
      "resolved": "https://registry.npmjs.org/next-routes/-/next-routes-1.4.2.tgz",
      "integrity": "sha512-1Ljs0BEV9IGcJLKxC/WZUtmftSvmkY6DlI8fVs8dClCoR82QRzBGRka/L/XB76wE5814MMeP9qVJYQil0FE9QQ==",
      "requires": {
        "path-to-regexp": "2.4.0"
      }
    },
    "path-to-regexp": {
      "version": "2.4.0",
      "resolved": "https://registry.npmjs.org/path-to-regexp/-/path-to-regexp-2.4.0.tgz",
      "integrity": "sha512-G6zHoVqC6GGTQkZwF4lkuEyMbVOjoBKAEybQUypI1WTkqinCOrq2x6U2+phkJ1XsEMTy4LjtwPI7HW+NVrRR2w=="
    }
  }
}
